
Microsoft Visual Studio Solution File, Format Version 12.00
# Visual Studio Version 16
VisualStudioVersion = 16.0.30717.126
MinimumVisualStudioVersion = 10.0.40219.1
Project("{9A19103F-16F7-4668-BE54-9A1E7A4F7556}") = "CarvedRock.Api", "CarvedRock.Api\CarvedRock.Api.csproj", "{81C7A112-94D5-40C7-B28A-2C2356E71B0E}"
EndProject
Project("{9A19103F-16F7-4668-BE54-9A1E7A4F7556}") = "CarvedRock.Web", "CarvedRock.Web\CarvedRock.Web.csproj", "{2D1BE822-9681-44CF-B456-C9506A1260F1}"
EndProject
Project("{FAE04EC0-301F-11D3-BF4B-00C04F79EFBC}") = "CarvedRock.Shared", "CarvedRock.Shared\CarvedRock.Shared.csproj", "{B915E94B-2934-4660-BB36-C7681DF81A89}"
EndProject
Global
	GlobalSection(SolutionConfigurationPlatforms) = preSolution
		Debug|Any CPU = Debug|Any CPU
		Release|Any CPU = Release|Any CPU
	EndGlobalSection
	GlobalSection(ProjectConfigurationPlatforms) = postSolution
		{81C7A112-94D5-40C7-B28A-2C2356E71B0E}.Debug|Any CPU.ActiveCfg = Debug|Any CPU
		{81C7A112-94D5-40C7-B28A-2C2356E71B0E}.Debug|Any CPU.Build.0 = Debug|Any CPU
		{81C7A112-94D5-40C7-B28A-2C2356E71B0E}.Release|Any CPU.ActiveCfg = Release|Any CPU
		{81C7A112-94D5-40C7-B28A-2C2356E71B0E}.Release|Any CPU.Build.0 = Release|Any CPU
		{2D1BE822-9681-44CF-B456-C9506A1260F1}.Debug|Any CPU.ActiveCfg = Debug|Any CPU
		{2D1BE822-9681-44CF-B456-C9506A1260F1}.Debug|Any CPU.Build.0 = Debug|Any CPU
		{2D1BE822-9681-44CF-B456-C9506A1260F1}.Release|Any CPU.ActiveCfg = Release|Any CPU
		{2D1BE822-9681-44CF-B456-C9506A1260F1}.Release|Any CPU.Build.0 = Release|Any CPU
		{B915E94B-2934-4660-BB36-C7681DF81A89}.Debug|Any CPU.ActiveCfg = Debug|Any CPU
		{B915E94B-2934-4660-BB36-C7681DF81A89}.Debug|Any CPU.Build.0 = Debug|Any CPU
		{B915E94B-2934-4660-BB36-C7681DF81A89}.Release|Any CPU.ActiveCfg = Release|Any CPU
		{B915E94B-2934-4660-BB36-C7681DF81A89}.Release|Any CPU.Build.0 = Release|Any CPU
	EndGlobalSection
	GlobalSection(SolutionProperties) = preSolution
		HideSolutionNode = FALSE
	EndGlobalSection
	GlobalSection(ExtensibilityGlobals) = postSolution
		SolutionGuid = {3596467E-00E0-4519-8FD6-11F3A4805E8D}
	EndGlobalSection
EndGlobal
